
Microsoft Visual Studio Solution File, Format Version 12.00
# Visual Studio Version 17
VisualStudioVersion = 17.0.32014.148
MinimumVisualStudioVersion = 10.0.40219.1
Project("{FAE04EC0-301F-11D3-BF4B-00C04F79EFBC}") = "Portfolio1", "Portfolio1\Portfolio1.csproj", "{F328E93D-4D03-489F-8B57-6EB752A644C8}"
EndProject
Global
	GlobalSection(SolutionConfigurationPlatforms) = preSolution
		Debug|Any CPU = Debug|Any CPU
		Release|Any CPU = Release|Any CPU
	EndGlobalSection
	GlobalSection(ProjectConfigurationPlatforms) = postSolution
		{F328E93D-4D03-489F-8B57-6EB752A644C8}.Debug|Any CPU.ActiveCfg = Debug|Any CPU
		{F328E93D-4D03-489F-8B57-6EB752A644C8}.Debug|Any CPU.Build.0 = Debug|Any CPU
		{F328E93D-4D03-489F-8B57-6EB752A644C8}.Release|Any CPU.ActiveCfg = Release|Any CPU
		{F328E93D-4D03-489F-8B57-6EB752A644C8}.Release|Any CPU.Build.0 = Release|Any CPU
	EndGlobalSection
	GlobalSection(SolutionProperties) = preSolution
		HideSolutionNode = FALSE
	EndGlobalSection
	GlobalSection(ExtensibilityGlobals) = postSolution
		SolutionGuid = {E90609E9-C988-497F-B4C8-65B2C74A3E1E}
	EndGlobalSection
EndGlobal
